
Microsoft Visual Studio Solution File, Format Version 12.00
# Visual Studio Version 17
VisualStudioVersion = 17.11.35222.181
MinimumVisualStudioVersion = 10.0.40219.1
Project("{2150E333-8FDC-42A3-9474-1A3956D46DE8}") = "Task0", "Task0", "{7811EAC5-671C-4475-94DF-8DBA0CC879BC}"
EndProject
Project("{9A19103F-16F7-4668-BE54-9A1E7A4F7556}") = "Tyuiu.YakovlevVAa.Sprint4.Task0.V8", "Tyuiu.YakovlevVAa.Sprint4.Task0.V8\Tyuiu.YakovlevVAa.Sprint4.Task0.V8.csproj", "{1AE1CA21-DDD9-4828-BEF8-14CE1C438B31}"
EndProject
Project("{9A19103F-16F7-4668-BE54-9A1E7A4F7556}") = "Tyuiu.YakovlevVAa.Sprint4.Task0.V8.Test", "Tyuiu.YakovlevVAa.Sprint4.Task0.V8.Test\Tyuiu.YakovlevVAa.Sprint4.Task0.V8.Test.csproj", "{6DE1F5AC-0A01-4EED-8377-2E4B7F53D78F}"
EndProject
Project("{9A19103F-16F7-4668-BE54-9A1E7A4F7556}") = "Tyuiu.YakovlevVAa.Sprint4.Task0.V8.Lib", "Tyuiu.YakovlevVAa.Sprint4.Task0.V8.Lib\Tyuiu.YakovlevVAa.Sprint4.Task0.V8.Lib.csproj", "{1D1FC3CF-A2D1-45F6-BD55-F23FCEAF5E08}"
EndProject
Project("{2150E333-8FDC-42A3-9474-1A3956D46DE8}") = "Task1", "Task1", "{365C8680-7DB1-4926-A2DE-F77177719D31}"
EndProject
Project("{9A19103F-16F7-4668-BE54-9A1E7A4F7556}") = "Tyuiu.YakovlevVAa.Sprint4.Task1.V29", "Tyuiu.YakovlevVAa.Sprint4.Task1.V29\Tyuiu.YakovlevVAa.Sprint4.Task1.V29.csproj", "{E8878093-FF3D-461E-9AD7-1E7CC0EA8B58}"
EndProject
Project("{9A19103F-16F7-4668-BE54-9A1E7A4F7556}") = "Tyuiu.YakovlevVAa.Sprint4.Task1.V29.Test", "Tyuiu.YakovlevVAa.Sprint4.Task1.V29.Test\Tyuiu.YakovlevVAa.Sprint4.Task1.V29.Test.csproj", "{35C16B23-1F9C-4B5F-B31A-D075C48FDA5F}"
EndProject
Project("{9A19103F-16F7-4668-BE54-9A1E7A4F7556}") = "Tyuiu.YakovlevVAa.Sprint4.Task1.V29.Lib", "Tyuiu.YakovlevVAa.Sprint4.Task1.V29.Lib\Tyuiu.YakovlevVAa.Sprint4.Task1.V29.Lib.csproj", "{4183E6E5-E549-4CE5-BECD-C53EE90A9601}"
EndProject
Project("{2150E333-8FDC-42A3-9474-1A3956D46DE8}") = "Task2", "Task2", "{F572AC64-E814-4D2C-BEC7-8D1CF9E2B401}"
EndProject
Project("{9A19103F-16F7-4668-BE54-9A1E7A4F7556}") = "Tyuiu.YakovlevVAa.Sprint4.Task2.V25", "Tyuiu.YakovlevVAa.Sprint4.Task2.V25\Tyuiu.YakovlevVAa.Sprint4.Task2.V25.csproj", "{541CA690-BDFD-4E3D-93BD-BCC884AF97C5}"
EndProject
Project("{9A19103F-16F7-4668-BE54-9A1E7A4F7556}") = "Tyuiu.YakovlevVAa.Sprint4.Task2.V25.Lib", "Tyuiu.YakovlevVAa.Sprint4.Task2.V25.Lib\Tyuiu.YakovlevVAa.Sprint4.Task2.V25.Lib.csproj", "{E4E1A188-F01E-4F32-8226-FACBD76AD442}"
EndProject
Project("{9A19103F-16F7-4668-BE54-9A1E7A4F7556}") = "Tyuiu.YakovlevVAa.Sprint4.Task2.V25.Test", "Tyuiu.YakovlevVAa.Sprint4.Task2.V25.Test\Tyuiu.YakovlevVAa.Sprint4.Task2.V25.Test.csproj", "{E0C1FAF2-4175-481A-BE77-257D835308BF}"
EndProject
Project("{2150E333-8FDC-42A3-9474-1A3956D46DE8}") = "Task3", "Task3", "{F5920830-DA47-4B96-9752-2CE8AF4B8BA0}"
EndProject
Project("{9A19103F-16F7-4668-BE54-9A1E7A4F7556}") = "Tyuiu.YakovlevVAa.Sprint4.Task3.V18", "Tyuiu.YakovlevVAa.Sprint4.Task3.V18\Tyuiu.YakovlevVAa.Sprint4.Task3.V18.csproj", "{529DEB91-78FD-4774-8EBB-446BD0C49B8E}"
EndProject
Project("{9A19103F-16F7-4668-BE54-9A1E7A4F7556}") = "Tyuiu.YakovlevVAa.Sprint4.Task3.V18.Lib", "Tyuiu.YakovlevVAa.Sprint4.Task3.V18.Lib\Tyuiu.YakovlevVAa.Sprint4.Task3.V18.Lib.csproj", "{DBD523B9-4E47-4A1A-9112-C516FE98A82C}"
EndProject
Project("{9A19103F-16F7-4668-BE54-9A1E7A4F7556}") = "Tyuiu.YakovlevVAa.Sprint4.Task3.V18.Test", "Tyuiu.YakovlevVAa.Sprint4.Task3.V18.Test\Tyuiu.YakovlevVAa.Sprint4.Task3.V18.Test.csproj", "{30D71E96-6354-4798-A9EF-D0A25ABD4D92}"
EndProject
Project("{2150E333-8FDC-42A3-9474-1A3956D46DE8}") = "Task4", "Task4", "{79D95725-9AA6-4004-8505-D4971F6179A2}"
EndProject
Project("{9A19103F-16F7-4668-BE54-9A1E7A4F7556}") = "Tyuiu.YakovlevVAa.Sprint4.Task4.V3", "Tyuiu.YakovlevVAa.Sprint4.Task4.V3\Tyuiu.YakovlevVAa.Sprint4.Task4.V3.csproj", "{C2D69689-A3EE-4EF1-A877-4D6BC91BD653}"
EndProject
Project("{9A19103F-16F7-4668-BE54-9A1E7A4F7556}") = "Tyuiu.YakovlevVAa.Sprint4.Task4.V3.Test", "Tyuiu.YakovlevVAa.Sprint4.Task4.V3.Test\Tyuiu.YakovlevVAa.Sprint4.Task4.V3.Test.csproj", "{50AC0B79-D679-4067-AA96-F1AB53DF8B83}"
EndProject
Project("{9A19103F-16F7-4668-BE54-9A1E7A4F7556}") = "Tyuiu.YakovlevVAa.Sprint4.Task4.V3.Lib", "Tyuiu.YakovlevVAa.Sprint4.Task4.V3.Lib\Tyuiu.YakovlevVAa.Sprint4.Task4.V3.Lib.csproj", "{3A787F7E-AB0A-4115-A68A-6E37DD1D17D8}"
EndProject
Project("{2150E333-8FDC-42A3-9474-1A3956D46DE8}") = "Task5", "Task5", "{F944211A-D705-4775-AE09-A4CDBF7A75DD}"
EndProject
Project("{FAE04EC0-301F-11D3-BF4B-00C04F79EFBC}") = "Tyuiu.YakovlevVAa.Sprint4.Task5.V6", "Tyuiu.YakovlevVAa.Sprint4.Task5.V6\Tyuiu.YakovlevVAa.Sprint4.Task5.V6.csproj", "{DE1A68C6-3D5F-4DA5-9B87-A690FF843471}"
EndProject
Project("{FAE04EC0-301F-11D3-BF4B-00C04F79EFBC}") = "Tyuiu.YakovlevVAa.Sprint4.Task5.V6.Lib", "Tyuiu.YakovlevVAa.Sprint4.Task5.V6.Lib\Tyuiu.YakovlevVAa.Sprint4.Task5.V6.Lib.csproj", "{AF05A6B6-D558-4C3B-B4ED-37B77806375C}"
EndProject
Project("{FAE04EC0-301F-11D3-BF4B-00C04F79EFBC}") = "Tyuiu.YakovlevVAa.Sprint4.Task5.V6.Test", "Tyuiu.YakovlevVAa.Sprint4.Task5.V6.Test\Tyuiu.YakovlevVAa.Sprint4.Task5.V6.Test.csproj", "{8178A8CD-0A1A-4C22-A44D-D234ADDF25FD}"
EndProject
Project("{2150E333-8FDC-42A3-9474-1A3956D46DE8}") = "Task6", "Task6", "{49D0C9BD-A9AC-4BCB-9786-14F1FADD46B6}"
EndProject
Project("{FAE04EC0-301F-11D3-BF4B-00C04F79EFBC}") = "Tyuiu.YakovlevVAa.Sprint4.Task6.V4", "Tyuiu.YakovlevVAa.Sprint4.Task6.V4\Tyuiu.YakovlevVAa.Sprint4.Task6.V4.csproj", "{DB9B5B1A-8551-4DF4-8839-CE40568181FF}"
EndProject
Project("{FAE04EC0-301F-11D3-BF4B-00C04F79EFBC}") = "Tyuiu.YakovlevVAa.Sprint4.Task6.V4.Lib", "Tyuiu.YakovlevVAa.Sprint4.Task6.V4.Lib\Tyuiu.YakovlevVAa.Sprint4.Task6.V4.Lib.csproj", "{6B957C05-931B-4E31-8B5E-322F197D3E38}"
EndProject
Project("{FAE04EC0-301F-11D3-BF4B-00C04F79EFBC}") = "Tyuiu.YakovlevVAa.Sprint4.Task6.V4.Test", "Tyuiu.YakovlevVAa.Sprint4.Task6.V4.Test\Tyuiu.YakovlevVAa.Sprint4.Task6.V4.Test.csproj", "{D92C70B8-E555-4D1A-A9AD-9FED9C0DBC23}"
EndProject
Global
	GlobalSection(SolutionConfigurationPlatforms) = preSolution
		Debug|Any CPU = Debug|Any CPU
		Release|Any CPU = Release|Any CPU
	EndGlobalSection
	GlobalSection(ProjectConfigurationPlatforms) = postSolution
		{1AE1CA21-DDD9-4828-BEF8-14CE1C438B31}.Debug|Any CPU.ActiveCfg = Debug|Any CPU
		{1AE1CA21-DDD9-4828-BEF8-14CE1C438B31}.Debug|Any CPU.Build.0 = Debug|Any CPU
		{1AE1CA21-DDD9-4828-BEF8-14CE1C438B31}.Release|Any CPU.ActiveCfg = Release|Any CPU
		{1AE1CA21-DDD9-4828-BEF8-14CE1C438B31}.Release|Any CPU.Build.0 = Release|Any CPU
		{6DE1F5AC-0A01-4EED-8377-2E4B7F53D78F}.Debug|Any CPU.ActiveCfg = Debug|Any CPU
		{6DE1F5AC-0A01-4EED-8377-2E4B7F53D78F}.Debug|Any CPU.Build.0 = Debug|Any CPU
		{6DE1F5AC-0A01-4EED-8377-2E4B7F53D78F}.Release|Any CPU.ActiveCfg = Release|Any CPU
		{6DE1F5AC-0A01-4EED-8377-2E4B7F53D78F}.Release|Any CPU.Build.0 = Release|Any CPU
		{1D1FC3CF-A2D1-45F6-BD55-F23FCEAF5E08}.Debug|Any CPU.ActiveCfg = Debug|Any CPU
		{1D1FC3CF-A2D1-45F6-BD55-F23FCEAF5E08}.Debug|Any CPU.Build.0 = Debug|Any CPU
		{1D1FC3CF-A2D1-45F6-BD55-F23FCEAF5E08}.Release|Any CPU.ActiveCfg = Release|Any CPU
		{1D1FC3CF-A2D1-45F6-BD55-F23FCEAF5E08}.Release|Any CPU.Build.0 = Release|Any CPU
		{E8878093-FF3D-461E-9AD7-1E7CC0EA8B58}.Debug|Any CPU.ActiveCfg = Debug|Any CPU
		{E8878093-FF3D-461E-9AD7-1E7CC0EA8B58}.Debug|Any CPU.Build.0 = Debug|Any CPU
		{E8878093-FF3D-461E-9AD7-1E7CC0EA8B58}.Release|Any CPU.ActiveCfg = Release|Any CPU
		{E8878093-FF3D-461E-9AD7-1E7CC0EA8B58}.Release|Any CPU.Build.0 = Release|Any CPU
		{35C16B23-1F9C-4B5F-B31A-D075C48FDA5F}.Debug|Any CPU.ActiveCfg = Debug|Any CPU
		{35C16B23-1F9C-4B5F-B31A-D075C48FDA5F}.Debug|Any CPU.Build.0 = Debug|Any CPU
		{35C16B23-1F9C-4B5F-B31A-D075C48FDA5F}.Release|Any CPU.ActiveCfg = Release|Any CPU
		{35C16B23-1F9C-4B5F-B31A-D075C48FDA5F}.Release|Any CPU.Build.0 = Release|Any CPU
		{4183E6E5-E549-4CE5-BECD-C53EE90A9601}.Debug|Any CPU.ActiveCfg = Debug|Any CPU
		{4183E6E5-E549-4CE5-BECD-C53EE90A9601}.Debug|Any CPU.Build.0 = Debug|Any CPU
		{4183E6E5-E549-4CE5-BECD-C53EE90A9601}.Release|Any CPU.ActiveCfg = Release|Any CPU
		{4183E6E5-E549-4CE5-BECD-C53EE90A9601}.Release|Any CPU.Build.0 = Release|Any CPU
		{541CA690-BDFD-4E3D-93BD-BCC884AF97C5}.Debug|Any CPU.ActiveCfg = Debug|Any CPU
		{541CA690-BDFD-4E3D-93BD-BCC884AF97C5}.Debug|Any CPU.Build.0 = Debug|Any CPU
		{541CA690-BDFD-4E3D-93BD-BCC884AF97C5}.Release|Any CPU.ActiveCfg = Release|Any CPU
		{541CA690-BDFD-4E3D-93BD-BCC884AF97C5}.Release|Any CPU.Build.0 = Release|Any CPU
		{E4E1A188-F01E-4F32-8226-FACBD76AD442}.Debug|Any CPU.ActiveCfg = Debug|Any CPU
		{E4E1A188-F01E-4F32-8226-FACBD76AD442}.Debug|Any CPU.Build.0 = Debug|Any CPU
		{E4E1A188-F01E-4F32-8226-FACBD76AD442}.Release|Any CPU.ActiveCfg = Release|Any CPU
		{E4E1A188-F01E-4F32-8226-FACBD76AD442}.Release|Any CPU.Build.0 = Release|Any CPU
		{E0C1FAF2-4175-481A-BE77-257D835308BF}.Debug|Any CPU.ActiveCfg = Debug|Any CPU
		{E0C1FAF2-4175-481A-BE77-257D835308BF}.Debug|Any CPU.Build.0 = Debug|Any CPU
		{E0C1FAF2-4175-481A-BE77-257D835308BF}.Release|Any CPU.ActiveCfg = Release|Any CPU
		{E0C1FAF2-4175-481A-BE77-257D835308BF}.Release|Any CPU.Build.0 = Release|Any CPU
		{529DEB91-78FD-4774-8EBB-446BD0C49B8E}.Debug|Any CPU.ActiveCfg = Debug|Any CPU
		{529DEB91-78FD-4774-8EBB-446BD0C49B8E}.Debug|Any CPU.Build.0 = Debug|Any CPU
		{529DEB91-78FD-4774-8EBB-446BD0C49B8E}.Release|Any CPU.ActiveCfg = Release|Any CPU
		{529DEB91-78FD-4774-8EBB-446BD0C49B8E}.Release|Any CPU.Build.0 = Release|Any CPU
		{DBD523B9-4E47-4A1A-9112-C516FE98A82C}.Debug|Any CPU.ActiveCfg = Debug|Any CPU
		{DBD523B9-4E47-4A1A-9112-C516FE98A82C}.Debug|Any CPU.Build.0 = Debug|Any CPU
		{DBD523B9-4E47-4A1A-9112-C516FE98A82C}.Release|Any CPU.ActiveCfg = Release|Any CPU
		{DBD523B9-4E47-4A1A-9112-C516FE98A82C}.Release|Any CPU.Build.0 = Release|Any CPU
		{30D71E96-6354-4798-A9EF-D0A25ABD4D92}.Debug|Any CPU.ActiveCfg = Debug|Any CPU
		{30D71E96-6354-4798-A9EF-D0A25ABD4D92}.Debug|Any CPU.Build.0 = Debug|Any CPU
		{30D71E96-6354-4798-A9EF-D0A25ABD4D92}.Release|Any CPU.ActiveCfg = Release|Any CPU
		{30D71E96-6354-4798-A9EF-D0A25ABD4D92}.Release|Any CPU.Build.0 = Release|Any CPU
		{C2D69689-A3EE-4EF1-A877-4D6BC91BD653}.Debug|Any CPU.ActiveCfg = Debug|Any CPU
		{C2D69689-A3EE-4EF1-A877-4D6BC91BD653}.Debug|Any CPU.Build.0 = Debug|Any CPU
		{C2D69689-A3EE-4EF1-A877-4D6BC91BD653}.Release|Any CPU.ActiveCfg = Release|Any CPU
		{C2D69689-A3EE-4EF1-A877-4D6BC91BD653}.Release|Any CPU.Build.0 = Release|Any CPU
		{50AC0B79-D679-4067-AA96-F1AB53DF8B83}.Debug|Any CPU.ActiveCfg = Debug|Any CPU
		{50AC0B79-D679-4067-AA96-F1AB53DF8B83}.Debug|Any CPU.Build.0 = Debug|Any CPU
		{50AC0B79-D679-4067-AA96-F1AB53DF8B83}.Release|Any CPU.ActiveCfg = Release|Any CPU
		{50AC0B79-D679-4067-AA96-F1AB53DF8B83}.Release|Any CPU.Build.0 = Release|Any CPU
		{3A787F7E-AB0A-4115-A68A-6E37DD1D17D8}.Debug|Any CPU.ActiveCfg = Debug|Any CPU
		{3A787F7E-AB0A-4115-A68A-6E37DD1D17D8}.Debug|Any CPU.Build.0 = Debug|Any CPU
		{3A787F7E-AB0A-4115-A68A-6E37DD1D17D8}.Release|Any CPU.ActiveCfg = Release|Any CPU
		{3A787F7E-AB0A-4115-A68A-6E37DD1D17D8}.Release|Any CPU.Build.0 = Release|Any CPU
		{DE1A68C6-3D5F-4DA5-9B87-A690FF843471}.Debug|Any CPU.ActiveCfg = Debug|Any CPU
		{DE1A68C6-3D5F-4DA5-9B87-A690FF843471}.Debug|Any CPU.Build.0 = Debug|Any CPU
		{DE1A68C6-3D5F-4DA5-9B87-A690FF843471}.Release|Any CPU.ActiveCfg = Release|Any CPU
		{DE1A68C6-3D5F-4DA5-9B87-A690FF843471}.Release|Any CPU.Build.0 = Release|Any CPU
		{AF05A6B6-D558-4C3B-B4ED-37B77806375C}.Debug|Any CPU.ActiveCfg = Debug|Any CPU
		{AF05A6B6-D558-4C3B-B4ED-37B77806375C}.Debug|Any CPU.Build.0 = Debug|Any CPU
		{AF05A6B6-D558-4C3B-B4ED-37B77806375C}.Release|Any CPU.ActiveCfg = Release|Any CPU
		{AF05A6B6-D558-4C3B-B4ED-37B77806375C}.Release|Any CPU.Build.0 = Release|Any CPU
		{8178A8CD-0A1A-4C22-A44D-D234ADDF25FD}.Debug|Any CPU.ActiveCfg = Debug|Any CPU
		{8178A8CD-0A1A-4C22-A44D-D234ADDF25FD}.Debug|Any CPU.Build.0 = Debug|Any CPU
		{8178A8CD-0A1A-4C22-A44D-D234ADDF25FD}.Release|Any CPU.ActiveCfg = Release|Any CPU
		{8178A8CD-0A1A-4C22-A44D-D234ADDF25FD}.Release|Any CPU.Build.0 = Release|Any CPU
		{DB9B5B1A-8551-4DF4-8839-CE40568181FF}.Debug|Any CPU.ActiveCfg = Debug|Any CPU
		{DB9B5B1A-8551-4DF4-8839-CE40568181FF}.Debug|Any CPU.Build.0 = Debug|Any CPU
		{DB9B5B1A-8551-4DF4-8839-CE40568181FF}.Release|Any CPU.ActiveCfg = Release|Any CPU
		{DB9B5B1A-8551-4DF4-8839-CE40568181FF}.Release|Any CPU.Build.0 = Release|Any CPU
		{6B957C05-931B-4E31-8B5E-322F197D3E38}.Debug|Any CPU.ActiveCfg = Debug|Any CPU
		{6B957C05-931B-4E31-8B5E-322F197D3E38}.Debug|Any CPU.Build.0 = Debug|Any CPU
		{6B957C05-931B-4E31-8B5E-322F197D3E38}.Release|Any CPU.ActiveCfg = Release|Any CPU
		{6B957C05-931B-4E31-8B5E-322F197D3E38}.Release|Any CPU.Build.0 = Release|Any CPU
		{D92C70B8-E555-4D1A-A9AD-9FED9C0DBC23}.Debug|Any CPU.ActiveCfg = Debug|Any CPU
		{D92C70B8-E555-4D1A-A9AD-9FED9C0DBC23}.Debug|Any CPU.Build.0 = Debug|Any CPU
		{D92C70B8-E555-4D1A-A9AD-9FED9C0DBC23}.Release|Any CPU.ActiveCfg = Release|Any CPU
		{D92C70B8-E555-4D1A-A9AD-9FED9C0DBC23}.Release|Any CPU.Build.0 = Release|Any CPU
	EndGlobalSection
	GlobalSection(SolutionProperties) = preSolution
		HideSolutionNode = FALSE
	EndGlobalSection
	GlobalSection(NestedProjects) = preSolution
		{1AE1CA21-DDD9-4828-BEF8-14CE1C438B31} = {7811EAC5-671C-4475-94DF-8DBA0CC879BC}
		{6DE1F5AC-0A01-4EED-8377-2E4B7F53D78F} = {7811EAC5-671C-4475-94DF-8DBA0CC879BC}
		{1D1FC3CF-A2D1-45F6-BD55-F23FCEAF5E08} = {7811EAC5-671C-4475-94DF-8DBA0CC879BC}
		{E8878093-FF3D-461E-9AD7-1E7CC0EA8B58} = {365C8680-7DB1-4926-A2DE-F77177719D31}
		{35C16B23-1F9C-4B5F-B31A-D075C48FDA5F} = {365C8680-7DB1-4926-A2DE-F77177719D31}
		{4183E6E5-E549-4CE5-BECD-C53EE90A9601} = {365C8680-7DB1-4926-A2DE-F77177719D31}
		{541CA690-BDFD-4E3D-93BD-BCC884AF97C5} = {F572AC64-E814-4D2C-BEC7-8D1CF9E2B401}
		{E4E1A188-F01E-4F32-8226-FACBD76AD442} = {F572AC64-E814-4D2C-BEC7-8D1CF9E2B401}
		{E0C1FAF2-4175-481A-BE77-257D835308BF} = {F572AC64-E814-4D2C-BEC7-8D1CF9E2B401}
		{529DEB91-78FD-4774-8EBB-446BD0C49B8E} = {F5920830-DA47-4B96-9752-2CE8AF4B8BA0}
		{DBD523B9-4E47-4A1A-9112-C516FE98A82C} = {F5920830-DA47-4B96-9752-2CE8AF4B8BA0}
		{30D71E96-6354-4798-A9EF-D0A25ABD4D92} = {F5920830-DA47-4B96-9752-2CE8AF4B8BA0}
		{C2D69689-A3EE-4EF1-A877-4D6BC91BD653} = {79D95725-9AA6-4004-8505-D4971F6179A2}
		{50AC0B79-D679-4067-AA96-F1AB53DF8B83} = {79D95725-9AA6-4004-8505-D4971F6179A2}
		{3A787F7E-AB0A-4115-A68A-6E37DD1D17D8} = {79D95725-9AA6-4004-8505-D4971F6179A2}
		{DE1A68C6-3D5F-4DA5-9B87-A690FF843471} = {F944211A-D705-4775-AE09-A4CDBF7A75DD}
		{AF05A6B6-D558-4C3B-B4ED-37B77806375C} = {F944211A-D705-4775-AE09-A4CDBF7A75DD}
		{8178A8CD-0A1A-4C22-A44D-D234ADDF25FD} = {F944211A-D705-4775-AE09-A4CDBF7A75DD}
		{DB9B5B1A-8551-4DF4-8839-CE40568181FF} = {49D0C9BD-A9AC-4BCB-9786-14F1FADD46B6}
		{6B957C05-931B-4E31-8B5E-322F197D3E38} = {49D0C9BD-A9AC-4BCB-9786-14F1FADD46B6}
		{D92C70B8-E555-4D1A-A9AD-9FED9C0DBC23} = {49D0C9BD-A9AC-4BCB-9786-14F1FADD46B6}
	EndGlobalSection
	GlobalSection(ExtensibilityGlobals) = postSolution
		SolutionGuid = {F113EFC3-27E4-4D17-B334-24126D013499}
	EndGlobalSection
EndGlobal
